// !$*UTF8*$!
{
	archiveVersion = 1;
	classes = {
	};
	objectVersion = 55;
	objects = {

/* Begin PBXBuildFile section */
		1E6FA29D28032AA1004BC41F /* ScannlyApp.swift in Sources */ = {isa = PBXBuildFile; fileRef = 1E6FA29C28032AA1004BC41F /* ScannlyApp.swift */; };
		1E6FA29F28032AA1004BC41F /* MainView.swift in Sources */ = {isa = PBXBuildFile; fileRef = 1E6FA29E28032AA1004BC41F /* MainView.swift */; };
		1E6FA2A128032AA2004BC41F /* Assets.xcassets in Resources */ = {isa = PBXBuildFile; fileRef = 1E6FA2A028032AA2004BC41F /* Assets.xcassets */; };
		1E6FA2A428032AA2004BC41F /* Preview Assets.xcassets in Resources */ = {isa = PBXBuildFile; fileRef = 1E6FA2A328032AA2004BC41F /* Preview Assets.xcassets */; };
		1E6FA2AB28032AC5004BC41F /* BTScanner.swift in Sources */ = {isa = PBXBuildFile; fileRef = 1E6FA2AA28032AC5004BC41F /* BTScanner.swift */; };
		1E6FA2AD28032EFA004BC41F /* PeripheralView.swift in Sources */ = {isa = PBXBuildFile; fileRef = 1E6FA2AC28032EFA004BC41F /* PeripheralView.swift */; };
		1E6FA2AF28034120004BC41F /* FileManager-DocumentsDirectory.swift in Sources */ = {isa = PBXBuildFile; fileRef = 1E6FA2AE28034120004BC41F /* FileManager-DocumentsDirectory.swift */; };
		1E6FA2B128034129004BC41F /* DataManager.swift in Sources */ = {isa = PBXBuildFile; fileRef = 1E6FA2B028034129004BC41F /* DataManager.swift */; };
		1E6FA2B328034247004BC41F /* Peripheral.swift in Sources */ = {isa = PBXBuildFile; fileRef = 1E6FA2B228034247004BC41F /* Peripheral.swift */; };
		1E6FA2B528034675004BC41F /* FavoriteView.swift in Sources */ = {isa = PBXBuildFile; fileRef = 1E6FA2B428034675004BC41F /* FavoriteView.swift */; };
		1E6FA2B7280347B0004BC41F /* MainView-ViewModel.swift in Sources */ = {isa = PBXBuildFile; fileRef = 1E6FA2B6280347B0004BC41F /* MainView-ViewModel.swift */; };
/* End PBXBuildFile section */

/* Begin PBXFileReference section */
		1E6FA29928032AA1004BC41F /* Scannly.app */ = {isa = PBXFileReference; explicitFileType = wrapper.application; includeInIndex = 0; path = Scannly.app; sourceTree = BUILT_PRODUCTS_DIR; };
		1E6FA29C28032AA1004BC41F /* ScannlyApp.swift */ = {isa = PBXFileReference; lastKnownFileType = sourcecode.swift; path = ScannlyApp.swift; sourceTree = "<group>"; };
		1E6FA29E28032AA1004BC41F /* MainView.swift */ = {isa = PBXFileReference; lastKnownFileType = sourcecode.swift; path = MainView.swift; sourceTree = "<group>"; };
		1E6FA2A028032AA2004BC41F /* Assets.xcassets */ = {isa = PBXFileReference; lastKnownFileType = folder.assetcatalog; path = Assets.xcassets; sourceTree = "<group>"; };
		1E6FA2A328032AA2004BC41F /* Preview Assets.xcassets */ = {isa = PBXFileReference; lastKnownFileType = folder.assetcatalog; path = "Preview Assets.xcassets"; sourceTree = "<group>"; };
		1E6FA2AA28032AC5004BC41F /* BTScanner.swift */ = {isa = PBXFileReference; lastKnownFileType = sourcecode.swift; path = BTScanner.swift; sourceTree = "<group>"; };
		1E6FA2AC28032EFA004BC41F /* PeripheralView.swift */ = {isa = PBXFileReference; lastKnownFileType = sourcecode.swift; path = PeripheralView.swift; sourceTree = "<group>"; };
		1E6FA2AE28034120004BC41F /* FileManager-DocumentsDirectory.swift */ = {isa = PBXFileReference; fileEncoding = 4; lastKnownFileType = sourcecode.swift; path = "FileManager-DocumentsDirectory.swift"; sourceTree = "<group>"; };
		1E6FA2B028034129004BC41F /* DataManager.swift */ = {isa = PBXFileReference; fileEncoding = 4; lastKnownFileType = sourcecode.swift; path = DataManager.swift; sourceTree = "<group>"; };
		1E6FA2B228034247004BC41F /* Peripheral.swift */ = {isa = PBXFileReference; lastKnownFileType = sourcecode.swift; path = Peripheral.swift; sourceTree = "<group>"; };
		1E6FA2B428034675004BC41F /* FavoriteView.swift */ = {isa = PBXFileReference; lastKnownFileType = sourcecode.swift; path = FavoriteView.swift; sourceTree = "<group>"; };
		1E6FA2B6280347B0004BC41F /* MainView-ViewModel.swift */ = {isa = PBXFileReference; lastKnownFileType = sourcecode.swift; path = "MainView-ViewModel.swift"; sourceTree = "<group>"; };
/* End PBXFileReference section */

/* Begin PBXFrameworksBuildPhase section */
		1E6FA29628032AA1004BC41F /* Frameworks */ = {
			isa = PBXFrameworksBuildPhase;
			buildActionMask = 2147483647;
			files = (
			);
			runOnlyForDeploymentPostprocessing = 0;
		};
/* End PBXFrameworksBuildPhase section */

/* Begin PBXGroup section */
		1E6FA29028032AA1004BC41F = {
			isa = PBXGroup;
			children = (
				1E6FA29B28032AA1004BC41F /* Scannly */,
				1E6FA29A28032AA1004BC41F /* Products */,
			);
			sourceTree = "<group>";
		};
		1E6FA29A28032AA1004BC41F /* Products */ = {
			isa = PBXGroup;
			children = (
				1E6FA29928032AA1004BC41F /* Scannly.app */,
			);
			name = Products;
			sourceTree = "<group>";
		};
		1E6FA29B28032AA1004BC41F /* Scannly */ = {
			isa = PBXGroup;
			children = (
				1E6FA29C28032AA1004BC41F /* ScannlyApp.swift */,
				1E6FA29E28032AA1004BC41F /* MainView.swift */,
				1E6FA2B6280347B0004BC41F /* MainView-ViewModel.swift */,
				1E6FA2AC28032EFA004BC41F /* PeripheralView.swift */,
				1E6FA2B428034675004BC41F /* FavoriteView.swift */,
				1E6FA2AA28032AC5004BC41F /* BTScanner.swift */,
				1E6FA2AE28034120004BC41F /* FileManager-DocumentsDirectory.swift */,
				1E6FA2B028034129004BC41F /* DataManager.swift */,
				1E6FA2B228034247004BC41F /* Peripheral.swift */,
				1E6FA2A028032AA2004BC41F /* Assets.xcassets */,
				1E6FA2A228032AA2004BC41F /* Preview Content */,
			);
			path = Scannly;
			sourceTree = "<group>";
		};
		1E6FA2A228032AA2004BC41F /* Preview Content */ = {
			isa = PBXGroup;
			children = (
				1E6FA2A328032AA2004BC41F /* Preview Assets.xcassets */,
			);
			path = "Preview Content";
			sourceTree = "<group>";
		};
/* End PBXGroup section */

/* Begin PBXNativeTarget section */
		1E6FA29828032AA1004BC41F /* Scannly */ = {
			isa = PBXNativeTarget;
			buildConfigurationList = 1E6FA2A728032AA2004BC41F /* Build configuration list for PBXNativeTarget "Scannly" */;
			buildPhases = (
				1E6FA29528032AA1004BC41F /* Sources */,
				1E6FA29628032AA1004BC41F /* Frameworks */,
				1E6FA29728032AA1004BC41F /* Resources */,
			);
			buildRules = (
			);
			dependencies = (
			);
			name = Scannly;
			productName = Scannly;
			productReference = 1E6FA29928032AA1004BC41F /* Scannly.app */;
			productType = "com.apple.product-type.application";
		};
/* End PBXNativeTarget section */

/* Begin PBXProject section */
		1E6FA29128032AA1004BC41F /* Project object */ = {
			isa = PBXProject;
			attributes = {
				BuildIndependentTargetsInParallel = 1;
				LastSwiftUpdateCheck = 1330;
				LastUpgradeCheck = 1330;
				TargetAttributes = {
					1E6FA29828032AA1004BC41F = {
						CreatedOnToolsVersion = 13.3;
					};
				};
			};
			buildConfigurationList = 1E6FA29428032AA1004BC41F /* Build configuration list for PBXProject "Scannly" */;
			compatibilityVersion = "Xcode 13.0";
			developmentRegion = en;
			hasScannedForEncodings = 0;
			knownRegions = (
				en,
				Base,
			);
			mainGroup = 1E6FA29028032AA1004BC41F;
			productRefGroup = 1E6FA29A28032AA1004BC41F /* Products */;
			projectDirPath = "";
			projectRoot = "";
			targets = (
				1E6FA29828032AA1004BC41F /* Scannly */,
			);
		};
/* End PBXProject section */

/* Begin PBXResourcesBuildPhase section */
		1E6FA29728032AA1004BC41F /* Resources */ = {
			isa = PBXResourcesBuildPhase;
			buildActionMask = 2147483647;
			files = (
				1E6FA2A428032AA2004BC41F /* Preview Assets.xcassets in Resources */,
				1E6FA2A128032AA2004BC41F /* Assets.xcassets in Resources */,
			);
			runOnlyForDeploymentPostprocessing = 0;
		};
/* End PBXResourcesBuildPhase section */

/* Begin PBXSourcesBuildPhase section */
		1E6FA29528032AA1004BC41F /* Sources */ = {
			isa = PBXSourcesBuildPhase;
			buildActionMask = 2147483647;
			files = (
				1E6FA2B528034675004BC41F /* FavoriteView.swift in Sources */,
				1E6FA29F28032AA1004BC41F /* MainView.swift in Sources */,
				1E6FA2B328034247004BC41F /* Peripheral.swift in Sources */,
				1E6FA2B7280347B0004BC41F /* MainView-ViewModel.swift in Sources */,
				1E6FA2B128034129004BC41F /* DataManager.swift in Sources */,
				1E6FA2AF28034120004BC41F /* FileManager-DocumentsDirectory.swift in Sources */,
				1E6FA29D28032AA1004BC41F /* ScannlyApp.swift in Sources */,
				1E6FA2AD28032EFA004BC41F /* PeripheralView.swift in Sources */,
				1E6FA2AB28032AC5004BC41F /* BTScanner.swift in Sources */,
			);
			runOnlyForDeploymentPostprocessing = 0;
		};
/* End PBXSourcesBuildPhase section */

/* Begin XCBuildConfiguration section */
		1E6FA2A528032AA2004BC41F /* Debug */ = {
			isa = XCBuildConfiguration;
			buildSettings = {
				ALWAYS_SEARCH_USER_PATHS = NO;
				CLANG_ANALYZER_NONNULL = YES;
				CLANG_ANALYZER_NUMBER_OBJECT_CONVERSION = YES_AGGRESSIVE;
				CLANG_CXX_LANGUAGE_STANDARD = "gnu++17";
				CLANG_ENABLE_MODULES = YES;
				CLANG_ENABLE_OBJC_ARC = YES;
				CLANG_ENABLE_OBJC_WEAK = YES;
				CLANG_WARN_BLOCK_CAPTURE_AUTORELEASING = YES;
				CLANG_WARN_BOOL_CONVERSION = YES;
				CLANG_WARN_COMMA = YES;
				CLANG_WARN_CONSTANT_CONVERSION = YES;
				CLANG_WARN_DEPRECATED_OBJC_IMPLEMENTATIONS = YES;
				CLANG_WARN_DIRECT_OBJC_ISA_USAGE = YES_ERROR;
				CLANG_WARN_DOCUMENTATION_COMMENTS = YES;
				CLANG_WARN_EMPTY_BODY = YES;
				CLANG_WARN_ENUM_CONVERSION = YES;
				CLANG_WARN_INFINITE_RECURSION = YES;
				CLANG_WARN_INT_CONVERSION = YES;
				CLANG_WARN_NON_LITERAL_NULL_CONVERSION = YES;
				CLANG_WARN_OBJC_IMPLICIT_RETAIN_SELF = YES;
				CLANG_WARN_OBJC_LITERAL_CONVERSION = YES;
				CLANG_WARN_OBJC_ROOT_CLASS = YES_ERROR;
				CLANG_WARN_QUOTED_INCLUDE_IN_FRAMEWORK_HEADER = YES;
				CLANG_WARN_RANGE_LOOP_ANALYSIS = YES;
				CLANG_WARN_STRICT_PROTOTYPES = YES;
				CLANG_WARN_SUSPICIOUS_MOVE = YES;
				CLANG_WARN_UNGUARDED_AVAILABILITY = YES_AGGRESSIVE;
				CLANG_WARN_UNREACHABLE_CODE = YES;
				CLANG_WARN__DUPLICATE_METHOD_MATCH = YES;
				COPY_PHASE_STRIP = NO;
				DEBUG_INFORMATION_FORMAT = dwarf;
				ENABLE_STRICT_OBJC_MSGSEND = YES;
				ENABLE_TESTABILITY = YES;
				GCC_C_LANGUAGE_STANDARD = gnu11;
				GCC_DYNAMIC_NO_PIC = NO;
				GCC_NO_COMMON_BLOCKS = YES;
				GCC_OPTIMIZATION_LEVEL = 0;
				GCC_PREPROCESSOR_DEFINITIONS = (
					"DEBUG=1",
					"$(inherited)",
				);
				GCC_WARN_64_TO_32_BIT_CONVERSION = YES;
				GCC_WARN_ABOUT_RETURN_TYPE = YES_ERROR;
				GCC_WARN_UNDECLARED_SELECTOR = YES;
				GCC_WARN_UNINITIALIZED_AUTOS = YES_AGGRESSIVE;
				GCC_WARN_UNUSED_FUNCTION = YES;
				GCC_WARN_UNUSED_VARIABLE = YES;
				IPHONEOS_DEPLOYMENT_TARGET = 15.4;
				MTL_ENABLE_DEBUG_INFO = INCLUDE_SOURCE;
				MTL_FAST_MATH = YES;
				ONLY_ACTIVE_ARCH = YES;
				SDKROOT = iphoneos;
				SWIFT_ACTIVE_COMPILATION_CONDITIONS = DEBUG;
				SWIFT_OPTIMIZATION_LEVEL = "-Onone";
			};
			name = Debug;
		};
		1E6FA2A628032AA2004BC41F /* Release */ = {
			isa = XCBuildConfiguration;
			buildSettings = {
				ALWAYS_SEARCH_USER_PATHS = NO;
				CLANG_ANALYZER_NONNULL = YES;
				CLANG_ANALYZER_NUMBER_OBJECT_CONVERSION = YES_AGGRESSIVE;
				CLANG_CXX_LANGUAGE_STANDARD = "gnu++17";
				CLANG_ENABLE_MODULES = YES;
				CLANG_ENABLE_OBJC_ARC = YES;
				CLANG_ENABLE_OBJC_WEAK = YES;
				CLANG_WARN_BLOCK_CAPTURE_AUTORELEASING = YES;
				CLANG_WARN_BOOL_CONVERSION = YES;
				CLANG_WARN_COMMA = YES;
				CLANG_WARN_CONSTANT_CONVERSION = YES;
				CLANG_WARN_DEPRECATED_OBJC_IMPLEMENTATIONS = YES;
				CLANG_WARN_DIRECT_OBJC_ISA_USAGE = YES_ERROR;
				CLANG_WARN_DOCUMENTATION_COMMENTS = YES;
				CLANG_WARN_EMPTY_BODY = YES;
				CLANG_WARN_ENUM_CONVERSION = YES;
				CLANG_WARN_INFINITE_RECURSION = YES;
				CLANG_WARN_INT_CONVERSION = YES;
				CLANG_WARN_NON_LITERAL_NULL_CONVERSION = YES;
				CLANG_WARN_OBJC_IMPLICIT_RETAIN_SELF = YES;
				CLANG_WARN_OBJC_LITERAL_CONVERSION = YES;
				CLANG_WARN_OBJC_ROOT_CLASS = YES_ERROR;
				CLANG_WARN_QUOTED_INCLUDE_IN_FRAMEWORK_HEADER = YES;
				CLANG_WARN_RANGE_LOOP_ANALYSIS = YES;
				CLANG_WARN_STRICT_PROTOTYPES = YES;
				CLANG_WARN_SUSPICIOUS_MOVE = YES;
				CLANG_WARN_UNGUARDED_AVAILABILITY = YES_AGGRESSIVE;
				CLANG_WARN_UNREACHABLE_CODE = YES;
				CLANG_WARN__DUPLICATE_METHOD_MATCH = YES;
				COPY_PHASE_STRIP = NO;
				DEBUG_INFORMATION_FORMAT = "dwarf-with-dsym";
				ENABLE_NS_ASSERTIONS = NO;
				ENABLE_STRICT_OBJC_MSGSEND = YES;
				GCC_C_LANGUAGE_STANDARD = gnu11;
				GCC_NO_COMMON_BLOCKS = YES;
				GCC_WARN_64_TO_32_BIT_CONVERSION = YES;
				GCC_WARN_ABOUT_RETURN_TYPE = YES_ERROR;
				GCC_WARN_UNDECLARED_SELECTOR = YES;
				GCC_WARN_UNINITIALIZED_AUTOS = YES_AGGRESSIVE;
				GCC_WARN_UNUSED_FUNCTION = YES;
				GCC_WARN_UNUSED_VARIABLE = YES;
				IPHONEOS_DEPLOYMENT_TARGET = 15.4;
				MTL_ENABLE_DEBUG_INFO = NO;
				MTL_FAST_MATH = YES;
				SDKROOT = iphoneos;
				SWIFT_COMPILATION_MODE = wholemodule;
				SWIFT_OPTIMIZATION_LEVEL = "-O";
				VALIDATE_PRODUCT = YES;
			};
			name = Release;
		};
		1E6FA2A828032AA2004BC41F /* Debug */ = {
			isa = XCBuildConfiguration;
			buildSettings = {
				ASSETCATALOG_COMPILER_APPICON_NAME = AppIcon;
				ASSETCATALOG_COMPILER_GLOBAL_ACCENT_COLOR_NAME = AccentColor;
				CODE_SIGN_STYLE = Automatic;
				CURRENT_PROJECT_VERSION = 1;
				DEVELOPMENT_ASSET_PATHS = "\"Scannly/Preview Content\"";
				DEVELOPMENT_TEAM = XW3YJZ5VVY;
				ENABLE_PREVIEWS = YES;
				GENERATE_INFOPLIST_FILE = YES;
				INFOPLIST_KEY_NSBluetoothAlwaysUsageDescription = "We needs access to scan for items";
				INFOPLIST_KEY_NSBluetoothPeripheralUsageDescription = "We need access to use items";
				INFOPLIST_KEY_UIApplicationSceneManifest_Generation = YES;
				INFOPLIST_KEY_UIApplicationSupportsIndirectInputEvents = YES;
				INFOPLIST_KEY_UILaunchScreen_Generation = YES;
				INFOPLIST_KEY_UISupportedInterfaceOrientations_iPad = "UIInterfaceOrientationPortrait UIInterfaceOrientationPortraitUpsideDown UIInterfaceOrientationLandscapeLeft UIInterfaceOrientationLandscapeRight";
				INFOPLIST_KEY_UISupportedInterfaceOrientations_iPhone = "UIInterfaceOrientationPortrait UIInterfaceOrientationLandscapeLeft UIInterfaceOrientationLandscapeRight";
				LD_RUNPATH_SEARCH_PATHS = (
					"$(inherited)",
					"@executable_path/Frameworks",
				);
				MARKETING_VERSION = 1.0;
				PRODUCT_BUNDLE_IDENTIFIER = com.themrhinos.Scannly;
				PRODUCT_NAME = "$(TARGET_NAME)";
				SWIFT_EMIT_LOC_STRINGS = YES;
				SWIFT_VERSION = 5.0;
				TARGETED_DEVICE_FAMILY = "1,2";
			};
			name = Debug;
		};
		1E6FA2A928032AA2004BC41F /* Release */ = {
			isa = XCBuildConfiguration;
			buildSettings = {
				ASSETCATALOG_COMPILER_APPICON_NAME = AppIcon;
				ASSETCATALOG_COMPILER_GLOBAL_ACCENT_COLOR_NAME = AccentColor;
				CODE_SIGN_STYLE = Automatic;
				CURRENT_PROJECT_VERSION = 1;
				DEVELOPMENT_ASSET_PATHS = "\"Scannly/Preview Content\"";
				DEVELOPMENT_TEAM = XW3YJZ5VVY;
				ENABLE_PREVIEWS = YES;
				GENERATE_INFOPLIST_FILE = YES;
				INFOPLIST_KEY_NSBluetoothAlwaysUsageDescription = "We needs access to scan for items";
				INFOPLIST_KEY_NSBluetoothPeripheralUsageDescription = "We need access to use items";
				INFOPLIST_KEY_UIApplicationSceneManifest_Generation = YES;
				INFOPLIST_KEY_UIApplicationSupportsIndirectInputEvents = YES;
				INFOPLIST_KEY_UILaunchScreen_Generation = YES;
				INFOPLIST_KEY_UISupportedInterfaceOrientations_iPad = "UIInterfaceOrientationPortrait UIInterfaceOrientationPortraitUpsideDown UIInterfaceOrientationLandscapeLeft UIInterfaceOrientationLandscapeRight";
				INFOPLIST_KEY_UISupportedInterfaceOrientations_iPhone = "UIInterfaceOrientationPortrait UIInterfaceOrientationLandscapeLeft UIInterfaceOrientationLandscapeRight";
				LD_RUNPATH_SEARCH_PATHS = (
					"$(inherited)",
					"@executable_path/Frameworks",
				);
				MARKETING_VERSION = 1.0;
				PRODUCT_BUNDLE_IDENTIFIER = com.themrhinos.Scannly;
				PRODUCT_NAME = "$(TARGET_NAME)";
				SWIFT_EMIT_LOC_STRINGS = YES;
				SWIFT_VERSION = 5.0;
				TARGETED_DEVICE_FAMILY = "1,2";
			};
			name = Release;
		};
/* End XCBuildConfiguration section */

/* Begin XCConfigurationList section */
		1E6FA29428032AA1004BC41F /* Build configuration list for PBXProject "Scannly" */ = {
			isa = XCConfigurationList;
			buildConfigurations = (
				1E6FA2A528032AA2004BC41F /* Debug */,
				1E6FA2A628032AA2004BC41F /* Release */,
			);
			defaultConfigurationIsVisible = 0;
			defaultConfigurationName = Release;
		};
		1E6FA2A728032AA2004BC41F /* Build configuration list for PBXNativeTarget "Scannly" */ = {
			isa = XCConfigurationList;
			buildConfigurations = (
				1E6FA2A828032AA2004BC41F /* Debug */,
				1E6FA2A928032AA2004BC41F /* Release */,
			);
			defaultConfigurationIsVisible = 0;
			defaultConfigurationName = Release;
		};
/* End XCConfigurationList section */
	};
	rootObject = 1E6FA29128032AA1004BC41F /* Project object */;
}
